
Microsoft Visual Studio Solution File, Format Version 12.00
# Visual Studio Version 16
VisualStudioVersion = 16.0.29215.179
MinimumVisualStudioVersion = 10.0.40219.1
Project("{FAE04EC0-301F-11D3-BF4B-00C04F79EFBC}") = "AlphaTwitch", "AlphaTwitch.csproj", "{B3B0B598-B314-4E3E-ACBB-AC4B1D73445A}"
EndProject
Global
	GlobalSection(SolutionConfigurationPlatforms) = preSolution
		Debug|Any CPU = Debug|Any CPU
		Release|Any CPU = Release|Any CPU
	EndGlobalSection
	GlobalSection(ProjectConfigurationPlatforms) = postSolution
		{B3B0B598-B314-4E3E-ACBB-AC4B1D73445A}.Debug|Any CPU.ActiveCfg = Debug|Any CPU
		{B3B0B598-B314-4E3E-ACBB-AC4B1D73445A}.Debug|Any CPU.Build.0 = Debug|Any CPU
		{B3B0B598-B314-4E3E-ACBB-AC4B1D73445A}.Release|Any CPU.ActiveCfg = Release|Any CPU
		{B3B0B598-B314-4E3E-ACBB-AC4B1D73445A}.Release|Any CPU.Build.0 = Release|Any CPU
	EndGlobalSection
	GlobalSection(SolutionProperties) = preSolution
		HideSolutionNode = FALSE
	EndGlobalSection
	GlobalSection(ExtensibilityGlobals) = postSolution
		SolutionGuid = {0FA411B7-66FC-46E3-B943-40C09B6E1CC3}
	EndGlobalSection
EndGlobal
